// !$*UTF8*$!
{
	archiveVersion = 1;
	classes = {
	};
	objectVersion = 46;
	objects = {

/* Begin PBXBuildFile section */
		7D78591C34CC645CCA28ABB9 /* Pods.framework in Frameworks */ = {isa = PBXBuildFile; fileRef = BB1C20950DF3557B5E96225A /* Pods.framework */; settings = {ATTRIBUTES = (Weak, ); }; };
		A013899A1BA899980004E356 /* JBParallaxCell.m in Sources */ = {isa = PBXBuildFile; fileRef = A01389971BA899980004E356 /* JBParallaxCell.m */; };
		A013899B1BA899980004E356 /* SLParallaxController.m in Sources */ = {isa = PBXBuildFile; fileRef = A01389991BA899980004E356 /* SLParallaxController.m */; };
		A01389A11BA89B060004E356 /* CVNPpos.GPX in Resources */ = {isa = PBXBuildFile; fileRef = A013899C1BA89B060004E356 /* CVNPpos.GPX */; };
		A01389A21BA89B060004E356 /* Directions.geojson in Resources */ = {isa = PBXBuildFile; fileRef = A013899D1BA89B060004E356 /* Directions.geojson */; };
		A01389A31BA89B060004E356 /* facilities.geojson in Resources */ = {isa = PBXBuildFile; fileRef = A013899E1BA89B060004E356 /* facilities.geojson */; };
		A01389A41BA89B060004E356 /* restrooms.geojson in Resources */ = {isa = PBXBuildFile; fileRef = A013899F1BA89B060004E356 /* restrooms.geojson */; };
		A01389A51BA89B060004E356 /* trails8.geojson in Resources */ = {isa = PBXBuildFile; fileRef = A01389A01BA89B060004E356 /* trails8.geojson */; };
		A048F8391BAA6FA600F72BBC /* myWebsite.cer in Resources */ = {isa = PBXBuildFile; fileRef = A048F8381BAA6FA600F72BBC /* myWebsite.cer */; };
		A07031691B72485500F02AD9 /* NDLearnAsUGoTableViewController.m in Sources */ = {isa = PBXBuildFile; fileRef = A07031681B72485500F02AD9 /* NDLearnAsUGoTableViewController.m */; };
		A070316E1B7249E000F02AD9 /* NDLearnAsUGoHeaderView.m in Sources */ = {isa = PBXBuildFile; fileRef = A070316D1B7249E000F02AD9 /* NDLearnAsUGoHeaderView.m */; };
		A07031751B724C1500F02AD9 /* ListImageCell.m in Sources */ = {isa = PBXBuildFile; fileRef = A07031741B724C1500F02AD9 /* ListImageCell.m */; };
		A07795331BAA00250021CA27 /* testINADV_micro.GPX in Resources */ = {isa = PBXBuildFile; fileRef = A07795321BAA00250021CA27 /* testINADV_micro.GPX */; };
		A08D1B121B6AF22F00250E14 /* main.m in Sources */ = {isa = PBXBuildFile; fileRef = A08D1B111B6AF22F00250E14 /* main.m */; };
		A08D1B151B6AF22F00250E14 /* AppDelegate.m in Sources */ = {isa = PBXBuildFile; fileRef = A08D1B141B6AF22F00250E14 /* AppDelegate.m */; };
		A08D1B181B6AF22F00250E14 /* ViewController.m in Sources */ = {isa = PBXBuildFile; fileRef = A08D1B171B6AF22F00250E14 /* ViewController.m */; };
		A08D1B1B1B6AF22F00250E14 /* Main.storyboard in Resources */ = {isa = PBXBuildFile; fileRef = A08D1B191B6AF22F00250E14 /* Main.storyboard */; };
		A08D1B1D1B6AF22F00250E14 /* Images.xcassets in Resources */ = {isa = PBXBuildFile; fileRef = A08D1B1C1B6AF22F00250E14 /* Images.xcassets */; };
		A08D1B201B6AF22F00250E14 /* LaunchScreen.xib in Resources */ = {isa = PBXBuildFile; fileRef = A08D1B1E1B6AF22F00250E14 /* LaunchScreen.xib */; };
		A08D1B2C1B6AF22F00250E14 /* n_DiscoveryTests.m in Sources */ = {isa = PBXBuildFile; fileRef = A08D1B2B1B6AF22F00250E14 /* n_DiscoveryTests.m */; };
		A09447231B6AF839009268C6 /* Settings.bundle in Resources */ = {isa = PBXBuildFile; fileRef = A09447221B6AF839009268C6 /* Settings.bundle */; };
		A09447341B71B312009268C6 /* NDRootViewController.m in Sources */ = {isa = PBXBuildFile; fileRef = A09447321B71B312009268C6 /* NDRootViewController.m */; };
		A09447371B71B877009268C6 /* NDMainMenuViewController.m in Sources */ = {isa = PBXBuildFile; fileRef = A09447361B71B877009268C6 /* NDMainMenuViewController.m */; };
		A094473D1B71C5DD009268C6 /* NDMapBoxViewController.m in Sources */ = {isa = PBXBuildFile; fileRef = A094473C1B71C5DD009268C6 /* NDMapBoxViewController.m */; };
		A095ACC41BA6029A007B445F /* NDCitiScienceViewController.m in Sources */ = {isa = PBXBuildFile; fileRef = A095ACC31BA6029A007B445F /* NDCitiScienceViewController.m */; };
		A095ACC71BA616B3007B445F /* NDWhatIJustSeeViewController.m in Sources */ = {isa = PBXBuildFile; fileRef = A095ACC61BA616B3007B445F /* NDWhatIJustSeeViewController.m */; };
		A0A9ADE31B7A803600B1E15B /* userpic6.jpg in Resources */ = {isa = PBXBuildFile; fileRef = A0A9ADD71B7A803600B1E15B /* userpic6.jpg */; };
		A0A9ADE41B7A803600B1E15B /* userpic5.jpg in Resources */ = {isa = PBXBuildFile; fileRef = A0A9ADD81B7A803600B1E15B /* userpic5.jpg */; };
		A0A9ADE51B7A803600B1E15B /* userpic4.jpg in Resources */ = {isa = PBXBuildFile; fileRef = A0A9ADD91B7A803600B1E15B /* userpic4.jpg */; };
		A0A9ADE61B7A803600B1E15B /* userpic3.jpg in Resources */ = {isa = PBXBuildFile; fileRef = A0A9ADDA1B7A803600B1E15B /* userpic3.jpg */; };
		A0A9ADE71B7A803600B1E15B /* userpic2.jpg in Resources */ = {isa = PBXBuildFile; fileRef = A0A9ADDB1B7A803600B1E15B /* userpic2.jpg */; };
		A0A9ADE81B7A803600B1E15B /* userpic1.jpg in Resources */ = {isa = PBXBuildFile; fileRef = A0A9ADDC1B7A803600B1E15B /* userpic1.jpg */; };
		A0A9ADE91B7A803600B1E15B /* photo6.jpg in Resources */ = {isa = PBXBuildFile; fileRef = A0A9ADDD1B7A803600B1E15B /* photo6.jpg */; };
		A0A9ADEA1B7A803600B1E15B /* photo5.jpg in Resources */ = {isa = PBXBuildFile; fileRef = A0A9ADDE1B7A803600B1E15B /* photo5.jpg */; };
		A0A9ADEB1B7A803600B1E15B /* photo4.jpg in Resources */ = {isa = PBXBuildFile; fileRef = A0A9ADDF1B7A803600B1E15B /* photo4.jpg */; };
		A0A9ADEC1B7A803600B1E15B /* photo3.jpg in Resources */ = {isa = PBXBuildFile; fileRef = A0A9ADE01B7A803600B1E15B /* photo3.jpg */; };
		A0A9ADED1B7A803600B1E15B /* photo2.jpg in Resources */ = {isa = PBXBuildFile; fileRef = A0A9ADE11B7A803600B1E15B /* photo2.jpg */; };
		A0A9ADEE1B7A803600B1E15B /* photo1.jpg in Resources */ = {isa = PBXBuildFile; fileRef = A0A9ADE21B7A803600B1E15B /* photo1.jpg */; };
		A0A9ADF11B7A804C00B1E15B /* NDLearnAsUGoListImageItem.m in Sources */ = {isa = PBXBuildFile; fileRef = A0A9ADEF1B7A804C00B1E15B /* NDLearnAsUGoListImageItem.m */; };
		A0D9AEF41B97748600C6B872 /* NDTestViewController.m in Sources */ = {isa = PBXBuildFile; fileRef = A0D9AEF31B97748600C6B872 /* NDTestViewController.m */; };
		A0DFFDC81BA6ADD7001DA7D4 /* NDAdventureTracksViewController.m in Sources */ = {isa = PBXBuildFile; fileRef = A0DFFDC71BA6ADD7001DA7D4 /* NDAdventureTracksViewController.m */; };
		A0DFFDCC1BA6D172001DA7D4 /* Pods.framework in Frameworks */ = {isa = PBXBuildFile; fileRef = A0DFFDCB1BA6D172001DA7D4 /* Pods.framework */; };
		A0F1EF511BA911EA00377FBF /* MultilineTextCell.m in Sources */ = {isa = PBXBuildFile; fileRef = A0F1EF501BA911EA00377FBF /* MultilineTextCell.m */; };
		A0F1EF541BA9123100377FBF /* MultilineTextItem.m in Sources */ = {isa = PBXBuildFile; fileRef = A0F1EF531BA9123100377FBF /* MultilineTextItem.m */; };
		A0F1EF571BA91F1E00377FBF /* NDQuestionTableViewController.m in Sources */ = {isa = PBXBuildFile; fileRef = A0F1EF561BA91F1E00377FBF /* NDQuestionTableViewController.m */; };
		A0F1EF5E1BA9268300377FBF /* discover_fallcolors.json in Resources */ = {isa = PBXBuildFile; fileRef = A0F1EF5B1BA9268300377FBF /* discover_fallcolors.json */; };
		A0F1EF5F1BA9268300377FBF /* ledges_weathering_questions.json in Resources */ = {isa = PBXBuildFile; fileRef = A0F1EF5C1BA9268300377FBF /* ledges_weathering_questions.json */; };
		A0F1EF601BA9268300377FBF /* ledges_microhabitat.json in Resources */ = {isa = PBXBuildFile; fileRef = A0F1EF5D1BA9268300377FBF /* ledges_microhabitat.json */; };
/* End PBXBuildFile section */

/* Begin PBXContainerItemProxy section */
		A08D1B261B6AF22F00250E14 /* PBXContainerItemProxy */ = {
			isa = PBXContainerItemProxy;
			containerPortal = A08D1B041B6AF22F00250E14 /* Project object */;
			proxyType = 1;
			remoteGlobalIDString = A08D1B0B1B6AF22F00250E14;
			remoteInfo = "n-Discovery";
		};
/* End PBXContainerItemProxy section */

/* Begin PBXFileReference section */
		3722C1D2D8998550890ADF8E /* Pods.debug.xcconfig */ = {isa = PBXFileReference; includeInIndex = 1; lastKnownFileType = text.xcconfig; name = Pods.debug.xcconfig; path = "Pods/Target Support Files/Pods/Pods.debug.xcconfig"; sourceTree = "<group>"; };
		A01389961BA899980004E356 /* JBParallaxCell.h */ = {isa = PBXFileReference; fileEncoding = 4; lastKnownFileType = sourcecode.c.h; name = JBParallaxCell.h; path = Vendor/JBParallaxCell.h; sourceTree = "<group>"; };
		A01389971BA899980004E356 /* JBParallaxCell.m */ = {isa = PBXFileReference; fileEncoding = 4; lastKnownFileType = sourcecode.c.objc; name = JBParallaxCell.m; path = Vendor/JBParallaxCell.m; sourceTree = "<group>"; };
		A01389981BA899980004E356 /* SLParallaxController.h */ = {isa = PBXFileReference; fileEncoding = 4; lastKnownFileType = sourcecode.c.h; name = SLParallaxController.h; path = Vendor/SLParallaxController.h; sourceTree = "<group>"; };
		A01389991BA899980004E356 /* SLParallaxController.m */ = {isa = PBXFileReference; fileEncoding = 4; lastKnownFileType = sourcecode.c.objc; name = SLParallaxController.m; path = Vendor/SLParallaxController.m; sourceTree = "<group>"; };
		A013899C1BA89B060004E356 /* CVNPpos.GPX */ = {isa = PBXFileReference; fileEncoding = 4; lastKnownFileType = text; name = CVNPpos.GPX; path = ResourcesFiles/CVNPpos.GPX; sourceTree = "<group>"; };
		A013899D1BA89B060004E356 /* Directions.geojson */ = {isa = PBXFileReference; fileEncoding = 4; lastKnownFileType = text; name = Directions.geojson; path = ResourcesFiles/Directions.geojson; sourceTree = "<group>"; };
		A013899E1BA89B060004E356 /* facilities.geojson */ = {isa = PBXFileReference; fileEncoding = 4; lastKnownFileType = text; name = facilities.geojson; path = ResourcesFiles/facilities.geojson; sourceTree = "<group>"; };
		A013899F1BA89B060004E356 /* restrooms.geojson */ = {isa = PBXFileReference; fileEncoding = 4; lastKnownFileType = text; name = restrooms.geojson; path = ResourcesFiles/restrooms.geojson; sourceTree = "<group>"; };
		A01389A01BA89B060004E356 /* trails8.geojson */ = {isa = PBXFileReference; fileEncoding = 4; lastKnownFileType = text; name = trails8.geojson; path = ResourcesFiles/trails8.geojson; sourceTree = "<group>"; };
		A048F8371BAA57D200F72BBC /* 1point_ldeges_micro.gpx */ = {isa = PBXFileReference; lastKnownFileType = text.xml; path = 1point_ldeges_micro.gpx; sourceTree = "<group>"; };
		A048F8381BAA6FA600F72BBC /* myWebsite.cer */ = {isa = PBXFileReference; lastKnownFileType = file; path = myWebsite.cer; sourceTree = "<group>"; };
		A07031671B72485500F02AD9 /* NDLearnAsUGoTableViewController.h */ = {isa = PBXFileReference; fileEncoding = 4; lastKnownFileType = sourcecode.c.h; name = NDLearnAsUGoTableViewController.h; path = Controller/NDLearnAsUGoTableViewController.h; sourceTree = "<group>"; };
		A07031681B72485500F02AD9 /* NDLearnAsUGoTableViewController.m */ = {isa = PBXFileReference; fileEncoding = 4; lastKnownFileType = sourcecode.c.objc; name = NDLearnAsUGoTableViewController.m; path = Controller/NDLearnAsUGoTableViewController.m; sourceTree = "<group>"; };
		A070316C1B7249E000F02AD9 /* NDLearnAsUGoHeaderView.h */ = {isa = PBXFileReference; fileEncoding = 4; lastKnownFileType = sourcecode.c.h; name = NDLearnAsUGoHeaderView.h; path = LearnAsUGo/View/NDLearnAsUGoHeaderView.h; sourceTree = "<group>"; };
		A070316D1B7249E000F02AD9 /* NDLearnAsUGoHeaderView.m */ = {isa = PBXFileReference; fileEncoding = 4; lastKnownFileType = sourcecode.c.objc; name = NDLearnAsUGoHeaderView.m; path = LearnAsUGo/View/NDLearnAsUGoHeaderView.m; sourceTree = "<group>"; };
		A07031731B724C1500F02AD9 /* ListImageCell.h */ = {isa = PBXFileReference; fileEncoding = 4; lastKnownFileType = sourcecode.c.h; name = ListImageCell.h; path = LearnAsUGo/View/ListImageCell.h; sourceTree = "<group>"; };
		A07031741B724C1500F02AD9 /* ListImageCell.m */ = {isa = PBXFileReference; fileEncoding = 4; lastKnownFileType = sourcecode.c.objc; name = ListImageCell.m; path = LearnAsUGo/View/ListImageCell.m; sourceTree = "<group>"; };
		A07795321BAA00250021CA27 /* testINADV_micro.GPX */ = {isa = PBXFileReference; fileEncoding = 4; lastKnownFileType = text; name = testINADV_micro.GPX; path = ResourcesFiles/testINADV_micro.GPX; sourceTree = "<group>"; };
		A08D1B0C1B6AF22F00250E14 /* n-Discovery.app */ = {isa = PBXFileReference; explicitFileType = wrapper.application; includeInIndex = 0; path = "n-Discovery.app"; sourceTree = BUILT_PRODUCTS_DIR; };
		A08D1B101B6AF22F00250E14 /* Info.plist */ = {isa = PBXFileReference; lastKnownFileType = text.plist.xml; path = Info.plist; sourceTree = "<group>"; };
		A08D1B111B6AF22F00250E14 /* main.m */ = {isa = PBXFileReference; lastKnownFileType = sourcecode.c.objc; path = main.m; sourceTree = "<group>"; };
		A08D1B131B6AF22F00250E14 /* AppDelegate.h */ = {isa = PBXFileReference; lastKnownFileType = sourcecode.c.h; path = AppDelegate.h; sourceTree = "<group>"; };
		A08D1B141B6AF22F00250E14 /* AppDelegate.m */ = {isa = PBXFileReference; lastKnownFileType = sourcecode.c.objc; path = AppDelegate.m; sourceTree = "<group>"; };
		A08D1B161B6AF22F00250E14 /* ViewController.h */ = {isa = PBXFileReference; lastKnownFileType = sourcecode.c.h; path = ViewController.h; sourceTree = "<group>"; };
		A08D1B171B6AF22F00250E14 /* ViewController.m */ = {isa = PBXFileReference; lastKnownFileType = sourcecode.c.objc; path = ViewController.m; sourceTree = "<group>"; };
		A08D1B1A1B6AF22F00250E14 /* Base */ = {isa = PBXFileReference; lastKnownFileType = file.storyboard; name = Base; path = Base.lproj/Main.storyboard; sourceTree = "<group>"; };
		A08D1B1C1B6AF22F00250E14 /* Images.xcassets */ = {isa = PBXFileReference; lastKnownFileType = folder.assetcatalog; path = Images.xcassets; sourceTree = "<group>"; };
		A08D1B1F1B6AF22F00250E14 /* Base */ = {isa = PBXFileReference; lastKnownFileType = file.xib; name = Base; path = Base.lproj/LaunchScreen.xib; sourceTree = "<group>"; };
		A08D1B251B6AF22F00250E14 /* n-DiscoveryTests.xctest */ = {isa = PBXFileReference; explicitFileType = wrapper.cfbundle; includeInIndex = 0; path = "n-DiscoveryTests.xctest"; sourceTree = BUILT_PRODUCTS_DIR; };
		A08D1B2A1B6AF22F00250E14 /* Info.plist */ = {isa = PBXFileReference; lastKnownFileType = text.plist.xml; path = Info.plist; sourceTree = "<group>"; };
		A08D1B2B1B6AF22F00250E14 /* n_DiscoveryTests.m */ = {isa = PBXFileReference; lastKnownFileType = sourcecode.c.objc; path = n_DiscoveryTests.m; sourceTree = "<group>"; };
		A09447221B6AF839009268C6 /* Settings.bundle */ = {isa = PBXFileReference; lastKnownFileType = "wrapper.plug-in"; path = Settings.bundle; sourceTree = "<group>"; };
		A09447321B71B312009268C6 /* NDRootViewController.m */ = {isa = PBXFileReference; fileEncoding = 4; lastKnownFileType = sourcecode.c.objc; name = NDRootViewController.m; path = Controller/NDRootViewController.m; sourceTree = "<group>"; };
		A09447331B71B312009268C6 /* NDRootViewController.h */ = {isa = PBXFileReference; fileEncoding = 4; lastKnownFileType = sourcecode.c.h; name = NDRootViewController.h; path = Controller/NDRootViewController.h; sourceTree = "<group>"; };
		A09447351B71B877009268C6 /* NDMainMenuViewController.h */ = {isa = PBXFileReference; fileEncoding = 4; lastKnownFileType = sourcecode.c.h; name = NDMainMenuViewController.h; path = Controller/NDMainMenuViewController.h; sourceTree = "<group>"; };
		A09447361B71B877009268C6 /* NDMainMenuViewController.m */ = {isa = PBXFileReference; fileEncoding = 4; lastKnownFileType = sourcecode.c.objc; name = NDMainMenuViewController.m; path = Controller/NDMainMenuViewController.m; sourceTree = "<group>"; };
		A094473B1B71C5DD009268C6 /* NDMapBoxViewController.h */ = {isa = PBXFileReference; fileEncoding = 4; lastKnownFileType = sourcecode.c.h; name = NDMapBoxViewController.h; path = Controller/NDMapBoxViewController.h; sourceTree = "<group>"; };
		A094473C1B71C5DD009268C6 /* NDMapBoxViewController.m */ = {isa = PBXFileReference; fileEncoding = 4; lastKnownFileType = sourcecode.c.objc; name = NDMapBoxViewController.m; path = Controller/NDMapBoxViewController.m; sourceTree = "<group>"; };
		A095ACC21BA6029A007B445F /* NDCitiScienceViewController.h */ = {isa = PBXFileReference; fileEncoding = 4; lastKnownFileType = sourcecode.c.h; name = NDCitiScienceViewController.h; path = Controller/NDCitiScienceViewController.h; sourceTree = "<group>"; };
		A095ACC31BA6029A007B445F /* NDCitiScienceViewController.m */ = {isa = PBXFileReference; fileEncoding = 4; lastKnownFileType = sourcecode.c.objc; name = NDCitiScienceViewController.m; path = Controller/NDCitiScienceViewController.m; sourceTree = "<group>"; };
		A095ACC51BA616B3007B445F /* NDWhatIJustSeeViewController.h */ = {isa = PBXFileReference; fileEncoding = 4; lastKnownFileType = sourcecode.c.h; name = NDWhatIJustSeeViewController.h; path = Controller/NDWhatIJustSeeViewController.h; sourceTree = "<group>"; };
		A095ACC61BA616B3007B445F /* NDWhatIJustSeeViewController.m */ = {isa = PBXFileReference; fileEncoding = 4; lastKnownFileType = sourcecode.c.objc; name = NDWhatIJustSeeViewController.m; path = Controller/NDWhatIJustSeeViewController.m; sourceTree = "<group>"; };
		A0A9ADD71B7A803600B1E15B /* userpic6.jpg */ = {isa = PBXFileReference; lastKnownFileType = image.jpeg; name = userpic6.jpg; path = LearnAsUGo/Resources/userpic6.jpg; sourceTree = "<group>"; };
		A0A9ADD81B7A803600B1E15B /* userpic5.jpg */ = {isa = PBXFileReference; lastKnownFileType = image.jpeg; name = userpic5.jpg; path = LearnAsUGo/Resources/userpic5.jpg; sourceTree = "<group>"; };
		A0A9ADD91B7A803600B1E15B /* userpic4.jpg */ = {isa = PBXFileReference; lastKnownFileType = image.jpeg; name = userpic4.jpg; path = LearnAsUGo/Resources/userpic4.jpg; sourceTree = "<group>"; };
		A0A9ADDA1B7A803600B1E15B /* userpic3.jpg */ = {isa = PBXFileReference; lastKnownFileType = image.jpeg; name = userpic3.jpg; path = LearnAsUGo/Resources/userpic3.jpg; sourceTree = "<group>"; };
		A0A9ADDB1B7A803600B1E15B /* userpic2.jpg */ = {isa = PBXFileReference; lastKnownFileType = image.jpeg; name = userpic2.jpg; path = LearnAsUGo/Resources/userpic2.jpg; sourceTree = "<group>"; };
		A0A9ADDC1B7A803600B1E15B /* userpic1.jpg */ = {isa = PBXFileReference; lastKnownFileType = image.jpeg; name = userpic1.jpg; path = LearnAsUGo/Resources/userpic1.jpg; sourceTree = "<group>"; };
		A0A9ADDD1B7A803600B1E15B /* photo6.jpg */ = {isa = PBXFileReference; lastKnownFileType = image.jpeg; name = photo6.jpg; path = LearnAsUGo/Resources/photo6.jpg; sourceTree = "<group>"; };
		A0A9ADDE1B7A803600B1E15B /* photo5.jpg */ = {isa = PBXFileReference; lastKnownFileType = image.jpeg; name = photo5.jpg; path = LearnAsUGo/Resources/photo5.jpg; sourceTree = "<group>"; };
		A0A9ADDF1B7A803600B1E15B /* photo4.jpg */ = {isa = PBXFileReference; lastKnownFileType = image.jpeg; name = photo4.jpg; path = LearnAsUGo/Resources/photo4.jpg; sourceTree = "<group>"; };
		A0A9ADE01B7A803600B1E15B /* photo3.jpg */ = {isa = PBXFileReference; lastKnownFileType = image.jpeg; name = photo3.jpg; path = LearnAsUGo/Resources/photo3.jpg; sourceTree = "<group>"; };
		A0A9ADE11B7A803600B1E15B /* photo2.jpg */ = {isa = PBXFileReference; lastKnownFileType = image.jpeg; name = photo2.jpg; path = LearnAsUGo/Resources/photo2.jpg; sourceTree = "<group>"; };
		A0A9ADE21B7A803600B1E15B /* photo1.jpg */ = {isa = PBXFileReference; lastKnownFileType = image.jpeg; name = photo1.jpg; path = LearnAsUGo/Resources/photo1.jpg; sourceTree = "<group>"; };
		A0A9ADEF1B7A804C00B1E15B /* NDLearnAsUGoListImageItem.m */ = {isa = PBXFileReference; fileEncoding = 4; lastKnownFileType = sourcecode.c.objc; name = NDLearnAsUGoListImageItem.m; path = LearnAsUGo/Model/NDLearnAsUGoListImageItem.m; sourceTree = "<group>"; };
		A0A9ADF01B7A804C00B1E15B /* NDLearnAsUGoListImageItem.h */ = {isa = PBXFileReference; fileEncoding = 4; lastKnownFileType = sourcecode.c.h; name = NDLearnAsUGoListImageItem.h; path = LearnAsUGo/Model/NDLearnAsUGoListImageItem.h; sourceTree = "<group>"; };
		A0D9AEF21B97748600C6B872 /* NDTestViewController.h */ = {isa = PBXFileReference; fileEncoding = 4; lastKnownFileType = sourcecode.c.h; path = NDTestViewController.h; sourceTree = "<group>"; };
		A0D9AEF31B97748600C6B872 /* NDTestViewController.m */ = {isa = PBXFileReference; fileEncoding = 4; lastKnownFileType = sourcecode.c.objc; path = NDTestViewController.m; sourceTree = "<group>"; };
		A0DFFDC61BA6ADD7001DA7D4 /* NDAdventureTracksViewController.h */ = {isa = PBXFileReference; fileEncoding = 4; lastKnownFileType = sourcecode.c.h; name = NDAdventureTracksViewController.h; path = Controller/NDAdventureTracksViewController.h; sourceTree = "<group>"; };
		A0DFFDC71BA6ADD7001DA7D4 /* NDAdventureTracksViewController.m */ = {isa = PBXFileReference; fileEncoding = 4; lastKnownFileType = sourcecode.c.objc; name = NDAdventureTracksViewController.m; path = Controller/NDAdventureTracksViewController.m; sourceTree = "<group>"; };
		A0DFFDCA1BA6CEC7001DA7D4 /* n-Discovery-Prefix.pch */ = {isa = PBXFileReference; fileEncoding = 4; lastKnownFileType = sourcecode.c.h; path = "n-Discovery-Prefix.pch"; sourceTree = "<group>"; };
		A0DFFDCB1BA6D172001DA7D4 /* Pods.framework */ = {isa = PBXFileReference; lastKnownFileType = wrapper.framework; name = Pods.framework; path = "Pods/../build/Debug-iphoneos/Pods.framework"; sourceTree = "<group>"; };
		A0F1EF4F1BA911EA00377FBF /* MultilineTextCell.h */ = {isa = PBXFileReference; fileEncoding = 4; lastKnownFileType = sourcecode.c.h; name = MultilineTextCell.h; path = QuestionSystem/MultilineTextCell.h; sourceTree = "<group>"; };
		A0F1EF501BA911EA00377FBF /* MultilineTextCell.m */ = {isa = PBXFileReference; fileEncoding = 4; lastKnownFileType = sourcecode.c.objc; name = MultilineTextCell.m; path = QuestionSystem/MultilineTextCell.m; sourceTree = "<group>"; };
		A0F1EF521BA9123100377FBF /* MultilineTextItem.h */ = {isa = PBXFileReference; fileEncoding = 4; lastKnownFileType = sourcecode.c.h; name = MultilineTextItem.h; path = QuestionSystem/MultilineTextItem.h; sourceTree = "<group>"; };
		A0F1EF531BA9123100377FBF /* MultilineTextItem.m */ = {isa = PBXFileReference; fileEncoding = 4; lastKnownFileType = sourcecode.c.objc; name = MultilineTextItem.m; path = QuestionSystem/MultilineTextItem.m; sourceTree = "<group>"; };
		A0F1EF551BA91F1E00377FBF /* NDQuestionTableViewController.h */ = {isa = PBXFileReference; fileEncoding = 4; lastKnownFileType = sourcecode.c.h; name = NDQuestionTableViewController.h; path = Controller/NDQuestionTableViewController.h; sourceTree = "<group>"; };
		A0F1EF561BA91F1E00377FBF /* NDQuestionTableViewController.m */ = {isa = PBXFileReference; fileEncoding = 4; lastKnownFileType = sourcecode.c.objc; name = NDQuestionTableViewController.m; path = Controller/NDQuestionTableViewController.m; sourceTree = "<group>"; };
		A0F1EF5B1BA9268300377FBF /* discover_fallcolors.json */ = {isa = PBXFileReference; fileEncoding = 4; lastKnownFileType = text.json; path = discover_fallcolors.json; sourceTree = "<group>"; };
		A0F1EF5C1BA9268300377FBF /* ledges_weathering_questions.json */ = {isa = PBXFileReference; fileEncoding = 4; lastKnownFileType = text.json; path = ledges_weathering_questions.json; sourceTree = "<group>"; };
		A0F1EF5D1BA9268300377FBF /* ledges_microhabitat.json */ = {isa = PBXFileReference; fileEncoding = 4; lastKnownFileType = text.json; path = ledges_microhabitat.json; sourceTree = "<group>"; };
		BB1C20950DF3557B5E96225A /* Pods.framework */ = {isa = PBXFileReference; explicitFileType = wrapper.framework; includeInIndex = 0; path = Pods.framework; sourceTree = BUILT_PRODUCTS_DIR; };
		E5E403A3994282993AF7E8CF /* Pods.release.xcconfig */ = {isa = PBXFileReference; includeInIndex = 1; lastKnownFileType = text.xcconfig; name = Pods.release.xcconfig; path = "Pods/Target Support Files/Pods/Pods.release.xcconfig"; sourceTree = "<group>"; };
/* End PBXFileReference section */

/* Begin PBXFrameworksBuildPhase section */
		A08D1B091B6AF22F00250E14 /* Frameworks */ = {
			isa = PBXFrameworksBuildPhase;
			buildActionMask = 2147483647;
			files = (
				7D78591C34CC645CCA28ABB9 /* Pods.framework in Frameworks */,
			);
			runOnlyForDeploymentPostprocessing = 0;
		};
		A08D1B221B6AF22F00250E14 /* Frameworks */ = {
			isa = PBXFrameworksBuildPhase;
			buildActionMask = 2147483647;
			files = (
				A0DFFDCC1BA6D172001DA7D4 /* Pods.framework in Frameworks */,
			);
			runOnlyForDeploymentPostprocessing = 0;
		};
/* End PBXFrameworksBuildPhase section */

/* Begin PBXGroup section */
		16EB29CF411C913567BDCC2C /* Pods */ = {
			isa = PBXGroup;
			children = (
				3722C1D2D8998550890ADF8E /* Pods.debug.xcconfig */,
				E5E403A3994282993AF7E8CF /* Pods.release.xcconfig */,
			);
			name = Pods;
			sourceTree = "<group>";
		};
		A070316A1B72498A00F02AD9 /* LearnAsUGo */ = {
			isa = PBXGroup;
			children = (
				A07031761B724C9400F02AD9 /* Resources */,
				A07031721B724A7A00F02AD9 /* Model */,
				A070316B1B7249B500F02AD9 /* View */,
			);
			name = LearnAsUGo;
			sourceTree = "<group>";
		};
		A070316B1B7249B500F02AD9 /* View */ = {
			isa = PBXGroup;
			children = (
				A070316C1B7249E000F02AD9 /* NDLearnAsUGoHeaderView.h */,
				A070316D1B7249E000F02AD9 /* NDLearnAsUGoHeaderView.m */,
				A07031731B724C1500F02AD9 /* ListImageCell.h */,
				A07031741B724C1500F02AD9 /* ListImageCell.m */,
			);
			name = View;
			sourceTree = "<group>";
		};
		A07031721B724A7A00F02AD9 /* Model */ = {
			isa = PBXGroup;
			children = (
				A0A9ADEF1B7A804C00B1E15B /* NDLearnAsUGoListImageItem.m */,
				A0A9ADF01B7A804C00B1E15B /* NDLearnAsUGoListImageItem.h */,
			);
			name = Model;
			sourceTree = "<group>";
		};
		A07031761B724C9400F02AD9 /* Resources */ = {
			isa = PBXGroup;
			children = (
				A0A9ADD71B7A803600B1E15B /* userpic6.jpg */,
				A0A9ADD81B7A803600B1E15B /* userpic5.jpg */,
				A0A9ADD91B7A803600B1E15B /* userpic4.jpg */,
				A0A9ADDA1B7A803600B1E15B /* userpic3.jpg */,
				A0A9ADDB1B7A803600B1E15B /* userpic2.jpg */,
				A0A9ADDC1B7A803600B1E15B /* userpic1.jpg */,
				A0A9ADDD1B7A803600B1E15B /* photo6.jpg */,
				A0A9ADDE1B7A803600B1E15B /* photo5.jpg */,
				A0A9ADDF1B7A803600B1E15B /* photo4.jpg */,
				A0A9ADE01B7A803600B1E15B /* photo3.jpg */,
				A0A9ADE11B7A803600B1E15B /* photo2.jpg */,
				A0A9ADE21B7A803600B1E15B /* photo1.jpg */,
			);
			name = Resources;
			sourceTree = "<group>";
		};
		A08D1B031B6AF22F00250E14 = {
			isa = PBXGroup;
			children = (
				A08D1B0E1B6AF22F00250E14 /* n-Discovery */,
				A08D1B281B6AF22F00250E14 /* n-DiscoveryTests */,
				A08D1B0D1B6AF22F00250E14 /* Products */,
				16EB29CF411C913567BDCC2C /* Pods */,
				A3A208CD240441F3A114A87F /* Frameworks */,
			);
			sourceTree = "<group>";
		};
		A08D1B0D1B6AF22F00250E14 /* Products */ = {
			isa = PBXGroup;
			children = (
				A08D1B0C1B6AF22F00250E14 /* n-Discovery.app */,
				A08D1B251B6AF22F00250E14 /* n-DiscoveryTests.xctest */,
			);
			name = Products;
			sourceTree = "<group>";
		};
		A08D1B0E1B6AF22F00250E14 /* n-Discovery */ = {
			isa = PBXGroup;
			children = (
				A0F1EF591BA9218300377FBF /* Vendor */,
				A0F1EF4B1BA9118D00377FBF /* QuestionSystem */,
				A0DFFDC91BA6C068001DA7D4 /* Utils */,
				A070316A1B72498A00F02AD9 /* LearnAsUGo */,
				A0F1EF581BA9215A00377FBF /* AdventureTracks */,
				A09447311B71B2E3009268C6 /* Controller */,
				A08D1B131B6AF22F00250E14 /* AppDelegate.h */,
				A08D1B141B6AF22F00250E14 /* AppDelegate.m */,
				A08D1B161B6AF22F00250E14 /* ViewController.h */,
				A08D1B171B6AF22F00250E14 /* ViewController.m */,
				A08D1B191B6AF22F00250E14 /* Main.storyboard */,
				A08D1B1E1B6AF22F00250E14 /* LaunchScreen.xib */,
				A0F1EF5A1BA9267600377FBF /* QuestionJSON */,
				A095ACC11BA60024007B445F /* GISFile */,
				A08D1B1C1B6AF22F00250E14 /* Images.xcassets */,
				A08D1B0F1B6AF22F00250E14 /* Supporting Files */,
			);
			path = "n-Discovery";
			sourceTree = "<group>";
		};
		A08D1B0F1B6AF22F00250E14 /* Supporting Files */ = {
			isa = PBXGroup;
			children = (
				A048F8381BAA6FA600F72BBC /* myWebsite.cer */,
				A09447221B6AF839009268C6 /* Settings.bundle */,
				A08D1B101B6AF22F00250E14 /* Info.plist */,
				A08D1B111B6AF22F00250E14 /* main.m */,
				A0DFFDCA1BA6CEC7001DA7D4 /* n-Discovery-Prefix.pch */,
			);
			name = "Supporting Files";
			sourceTree = "<group>";
		};
		A08D1B281B6AF22F00250E14 /* n-DiscoveryTests */ = {
			isa = PBXGroup;
			children = (
				A08D1B2B1B6AF22F00250E14 /* n_DiscoveryTests.m */,
				A08D1B291B6AF22F00250E14 /* Supporting Files */,
			);
			path = "n-DiscoveryTests";
			sourceTree = "<group>";
		};
		A08D1B291B6AF22F00250E14 /* Supporting Files */ = {
			isa = PBXGroup;
			children = (
				A08D1B2A1B6AF22F00250E14 /* Info.plist */,
			);
			name = "Supporting Files";
			sourceTree = "<group>";
		};
		A09447311B71B2E3009268C6 /* Controller */ = {
			isa = PBXGroup;
			children = (
				A09447331B71B312009268C6 /* NDRootViewController.h */,
				A09447321B71B312009268C6 /* NDRootViewController.m */,
				A09447351B71B877009268C6 /* NDMainMenuViewController.h */,
				A09447361B71B877009268C6 /* NDMainMenuViewController.m */,
				A094473B1B71C5DD009268C6 /* NDMapBoxViewController.h */,
				A094473C1B71C5DD009268C6 /* NDMapBoxViewController.m */,
				A07031671B72485500F02AD9 /* NDLearnAsUGoTableViewController.h */,
				A07031681B72485500F02AD9 /* NDLearnAsUGoTableViewController.m */,
				A095ACC21BA6029A007B445F /* NDCitiScienceViewController.h */,
				A095ACC31BA6029A007B445F /* NDCitiScienceViewController.m */,
				A0DFFDC61BA6ADD7001DA7D4 /* NDAdventureTracksViewController.h */,
				A0DFFDC71BA6ADD7001DA7D4 /* NDAdventureTracksViewController.m */,
				A095ACC51BA616B3007B445F /* NDWhatIJustSeeViewController.h */,
				A095ACC61BA616B3007B445F /* NDWhatIJustSeeViewController.m */,
				A0D9AEF21B97748600C6B872 /* NDTestViewController.h */,
				A0D9AEF31B97748600C6B872 /* NDTestViewController.m */,
			);
			name = Controller;
			sourceTree = "<group>";
		};
		A095ACC11BA60024007B445F /* GISFile */ = {
			isa = PBXGroup;
			children = (
				A07795321BAA00250021CA27 /* testINADV_micro.GPX */,
				A013899C1BA89B060004E356 /* CVNPpos.GPX */,
				A013899D1BA89B060004E356 /* Directions.geojson */,
				A013899E1BA89B060004E356 /* facilities.geojson */,
				A013899F1BA89B060004E356 /* restrooms.geojson */,
				A01389A01BA89B060004E356 /* trails8.geojson */,
				A048F8371BAA57D200F72BBC /* 1point_ldeges_micro.gpx */,
			);
			name = GISFile;
			sourceTree = "<group>";
		};
		A0DFFDC91BA6C068001DA7D4 /* Utils */ = {
			isa = PBXGroup;
			children = (
			);
			name = Utils;
			sourceTree = "<group>";
		};
		A0F1EF4B1BA9118D00377FBF /* QuestionSystem */ = {
			isa = PBXGroup;
			children = (
				A0F1EF4E1BA911AA00377FBF /* Controller */,
				A0F1EF4D1BA911A400377FBF /* Model */,
				A0F1EF4C1BA9119F00377FBF /* Views */,
			);
			name = QuestionSystem;
			sourceTree = "<group>";
		};
		A0F1EF4C1BA9119F00377FBF /* Views */ = {
			isa = PBXGroup;
			children = (
				A0F1EF4F1BA911EA00377FBF /* MultilineTextCell.h */,
				A0F1EF501BA911EA00377FBF /* MultilineTextCell.m */,
			);
			name = Views;
			sourceTree = "<group>";
		};
		A0F1EF4D1BA911A400377FBF /* Model */ = {
			isa = PBXGroup;
			children = (
				A0F1EF521BA9123100377FBF /* MultilineTextItem.h */,
				A0F1EF531BA9123100377FBF /* MultilineTextItem.m */,
			);
			name = Model;
			sourceTree = "<group>";
		};
		A0F1EF4E1BA911AA00377FBF /* Controller */ = {
			isa = PBXGroup;
			children = (
				A0F1EF551BA91F1E00377FBF /* NDQuestionTableViewController.h */,
				A0F1EF561BA91F1E00377FBF /* NDQuestionTableViewController.m */,
			);
			name = Controller;
			sourceTree = "<group>";
		};
		A0F1EF581BA9215A00377FBF /* AdventureTracks */ = {
			isa = PBXGroup;
			children = (
			);
			name = AdventureTracks;
			sourceTree = "<group>";
		};
		A0F1EF591BA9218300377FBF /* Vendor */ = {
			isa = PBXGroup;
			children = (
				A01389961BA899980004E356 /* JBParallaxCell.h */,
				A01389971BA899980004E356 /* JBParallaxCell.m */,
				A01389981BA899980004E356 /* SLParallaxController.h */,
				A01389991BA899980004E356 /* SLParallaxController.m */,
			);
			name = Vendor;
			sourceTree = "<group>";
		};
		A0F1EF5A1BA9267600377FBF /* QuestionJSON */ = {
			isa = PBXGroup;
			children = (
				A0F1EF5B1BA9268300377FBF /* discover_fallcolors.json */,
				A0F1EF5C1BA9268300377FBF /* ledges_weathering_questions.json */,
				A0F1EF5D1BA9268300377FBF /* ledges_microhabitat.json */,
			);
			name = QuestionJSON;
			sourceTree = "<group>";
		};
		A3A208CD240441F3A114A87F /* Frameworks */ = {
			isa = PBXGroup;
			children = (
				A0DFFDCB1BA6D172001DA7D4 /* Pods.framework */,
				BB1C20950DF3557B5E96225A /* Pods.framework */,
			);
			name = Frameworks;
			sourceTree = "<group>";
		};
/* End PBXGroup section */

/* Begin PBXNativeTarget section */
		A08D1B0B1B6AF22F00250E14 /* n-Discovery */ = {
			isa = PBXNativeTarget;
			buildConfigurationList = A08D1B2F1B6AF22F00250E14 /* Build configuration list for PBXNativeTarget "n-Discovery" */;
			buildPhases = (
				9938073EBD49EAB31D4B7F1C /* Check Pods Manifest.lock */,
				A08D1B081B6AF22F00250E14 /* Sources */,
				A08D1B091B6AF22F00250E14 /* Frameworks */,
				A08D1B0A1B6AF22F00250E14 /* Resources */,
				4354807782DAB148C912DA6C /* Embed Pods Frameworks */,
				E32F275ED93742CDE6A4D4CB /* Copy Pods Resources */,
			);
			buildRules = (
			);
			dependencies = (
			);
			name = "n-Discovery";
			productName = "n-Discovery";
			productReference = A08D1B0C1B6AF22F00250E14 /* n-Discovery.app */;
			productType = "com.apple.product-type.application";
		};
		A08D1B241B6AF22F00250E14 /* n-DiscoveryTests */ = {
			isa = PBXNativeTarget;
			buildConfigurationList = A08D1B321B6AF22F00250E14 /* Build configuration list for PBXNativeTarget "n-DiscoveryTests" */;
			buildPhases = (
				A08D1B211B6AF22F00250E14 /* Sources */,
				A08D1B221B6AF22F00250E14 /* Frameworks */,
				A08D1B231B6AF22F00250E14 /* Resources */,
			);
			buildRules = (
			);
			dependencies = (
				A08D1B271B6AF22F00250E14 /* PBXTargetDependency */,
			);
			name = "n-DiscoveryTests";
			productName = "n-DiscoveryTests";
			productReference = A08D1B251B6AF22F00250E14 /* n-DiscoveryTests.xctest */;
			productType = "com.apple.product-type.bundle.unit-test";
		};
/* End PBXNativeTarget section */

/* Begin PBXProject section */
		A08D1B041B6AF22F00250E14 /* Project object */ = {
			isa = PBXProject;
			attributes = {
				LastUpgradeCheck = 0700;
				ORGANIZATIONNAME = "Kent State University";
				TargetAttributes = {
					A08D1B0B1B6AF22F00250E14 = {
						CreatedOnToolsVersion = 6.4;
						SystemCapabilities = {
							com.apple.BackgroundModes = {
								enabled = 1;
							};
						};
					};
					A08D1B241B6AF22F00250E14 = {
						CreatedOnToolsVersion = 6.4;
						TestTargetID = A08D1B0B1B6AF22F00250E14;
					};
				};
			};
			buildConfigurationList = A08D1B071B6AF22F00250E14 /* Build configuration list for PBXProject "n-Discovery" */;
			compatibilityVersion = "Xcode 3.2";
			developmentRegion = English;
			hasScannedForEncodings = 0;
			knownRegions = (
				en,
				Base,
			);
			mainGroup = A08D1B031B6AF22F00250E14;
			productRefGroup = A08D1B0D1B6AF22F00250E14 /* Products */;
			projectDirPath = "";
			projectRoot = "";
			targets = (
				A08D1B0B1B6AF22F00250E14 /* n-Discovery */,
				A08D1B241B6AF22F00250E14 /* n-DiscoveryTests */,
			);
		};
/* End PBXProject section */

/* Begin PBXResourcesBuildPhase section */
		A08D1B0A1B6AF22F00250E14 /* Resources */ = {
			isa = PBXResourcesBuildPhase;
			buildActionMask = 2147483647;
			files = (
				A01389A51BA89B060004E356 /* trails8.geojson in Resources */,
				A01389A31BA89B060004E356 /* facilities.geojson in Resources */,
				A09447231B6AF839009268C6 /* Settings.bundle in Resources */,
				A0A9ADE81B7A803600B1E15B /* userpic1.jpg in Resources */,
				A08D1B1B1B6AF22F00250E14 /* Main.storyboard in Resources */,
				A08D1B201B6AF22F00250E14 /* LaunchScreen.xib in Resources */,
				A0A9ADE91B7A803600B1E15B /* photo6.jpg in Resources */,
				A0A9ADE71B7A803600B1E15B /* userpic2.jpg in Resources */,
				A0A9ADED1B7A803600B1E15B /* photo2.jpg in Resources */,
				A0F1EF5F1BA9268300377FBF /* ledges_weathering_questions.json in Resources */,
				A0F1EF601BA9268300377FBF /* ledges_microhabitat.json in Resources */,
				A0A9ADEB1B7A803600B1E15B /* photo4.jpg in Resources */,
				A0A9ADE51B7A803600B1E15B /* userpic4.jpg in Resources */,
				A0A9ADE31B7A803600B1E15B /* userpic6.jpg in Resources */,
				A01389A11BA89B060004E356 /* CVNPpos.GPX in Resources */,
				A0A9ADEC1B7A803600B1E15B /* photo3.jpg in Resources */,
				A048F8391BAA6FA600F72BBC /* myWebsite.cer in Resources */,
				A08D1B1D1B6AF22F00250E14 /* Images.xcassets in Resources */,
				A07795331BAA00250021CA27 /* testINADV_micro.GPX in Resources */,
				A0A9ADEA1B7A803600B1E15B /* photo5.jpg in Resources */,
				A0A9ADEE1B7A803600B1E15B /* photo1.jpg in Resources */,
				A0F1EF5E1BA9268300377FBF /* discover_fallcolors.json in Resources */,
				A0A9ADE41B7A803600B1E15B /* userpic5.jpg in Resources */,
				A0A9ADE61B7A803600B1E15B /* userpic3.jpg in Resources */,
				A01389A41BA89B060004E356 /* restrooms.geojson in Resources */,
				A01389A21BA89B060004E356 /* Directions.geojson in Resources */,
			);
			runOnlyForDeploymentPostprocessing = 0;
		};
		A08D1B231B6AF22F00250E14 /* Resources */ = {
			isa = PBXResourcesBuildPhase;
			buildActionMask = 2147483647;
			files = (
			);
			runOnlyForDeploymentPostprocessing = 0;
		};
/* End PBXResourcesBuildPhase section */

/* Begin PBXShellScriptBuildPhase section */
		4354807782DAB148C912DA6C /* Embed Pods Frameworks */ = {
			isa = PBXShellScriptBuildPhase;
			buildActionMask = 2147483647;
			files = (
			);
			inputPaths = (
			);
			name = "Embed Pods Frameworks";
			outputPaths = (
			);
			runOnlyForDeploymentPostprocessing = 0;
			shellPath = /bin/sh;
			shellScript = "\"${SRCROOT}/Pods/Target Support Files/Pods/Pods-frameworks.sh\"\n";
			showEnvVarsInLog = 0;
		};
		9938073EBD49EAB31D4B7F1C /* Check Pods Manifest.lock */ = {
			isa = PBXShellScriptBuildPhase;
			buildActionMask = 2147483647;
			files = (
			);
			inputPaths = (
			);
			name = "Check Pods Manifest.lock";
			outputPaths = (
			);
			runOnlyForDeploymentPostprocessing = 0;
			shellPath = /bin/sh;
			shellScript = "diff \"${PODS_ROOT}/../Podfile.lock\" \"${PODS_ROOT}/Manifest.lock\" > /dev/null\nif [[ $? != 0 ]] ; then\n    cat << EOM\nerror: The sandbox is not in sync with the Podfile.lock. Run 'pod install' or update your CocoaPods installation.\nEOM\n    exit 1\nfi\n";
			showEnvVarsInLog = 0;
		};
		E32F275ED93742CDE6A4D4CB /* Copy Pods Resources */ = {
			isa = PBXShellScriptBuildPhase;
			buildActionMask = 2147483647;
			files = (
			);
			inputPaths = (
			);
			name = "Copy Pods Resources";
			outputPaths = (
			);
			runOnlyForDeploymentPostprocessing = 0;
			shellPath = /bin/sh;
			shellScript = "\"${SRCROOT}/Pods/Target Support Files/Pods/Pods-resources.sh\"\n";
			showEnvVarsInLog = 0;
		};
/* End PBXShellScriptBuildPhase section */

/* Begin PBXSourcesBuildPhase section */
		A08D1B081B6AF22F00250E14 /* Sources */ = {
			isa = PBXSourcesBuildPhase;
			buildActionMask = 2147483647;
			files = (
				A08D1B181B6AF22F00250E14 /* ViewController.m in Sources */,
				A094473D1B71C5DD009268C6 /* NDMapBoxViewController.m in Sources */,
				A07031691B72485500F02AD9 /* NDLearnAsUGoTableViewController.m in Sources */,
				A070316E1B7249E000F02AD9 /* NDLearnAsUGoHeaderView.m in Sources */,
				A0A9ADF11B7A804C00B1E15B /* NDLearnAsUGoListImageItem.m in Sources */,
				A07031751B724C1500F02AD9 /* ListImageCell.m in Sources */,
				A09447341B71B312009268C6 /* NDRootViewController.m in Sources */,
				A0F1EF541BA9123100377FBF /* MultilineTextItem.m in Sources */,
				A0F1EF571BA91F1E00377FBF /* NDQuestionTableViewController.m in Sources */,
				A095ACC41BA6029A007B445F /* NDCitiScienceViewController.m in Sources */,
				A095ACC71BA616B3007B445F /* NDWhatIJustSeeViewController.m in Sources */,
				A013899B1BA899980004E356 /* SLParallaxController.m in Sources */,
				A0DFFDC81BA6ADD7001DA7D4 /* NDAdventureTracksViewController.m in Sources */,
				A0F1EF511BA911EA00377FBF /* MultilineTextCell.m in Sources */,
				A013899A1BA899980004E356 /* JBParallaxCell.m in Sources */,
				A08D1B151B6AF22F00250E14 /* AppDelegate.m in Sources */,
				A09447371B71B877009268C6 /* NDMainMenuViewController.m in Sources */,
				A0D9AEF41B97748600C6B872 /* NDTestViewController.m in Sources */,
				A08D1B121B6AF22F00250E14 /* main.m in Sources */,
			);
			runOnlyForDeploymentPostprocessing = 0;
		};
		A08D1B211B6AF22F00250E14 /* Sources */ = {
			isa = PBXSourcesBuildPhase;
			buildActionMask = 2147483647;
			files = (
				A08D1B2C1B6AF22F00250E14 /* n_DiscoveryTests.m in Sources */,
			);
			runOnlyForDeploymentPostprocessing = 0;
		};
/* End PBXSourcesBuildPhase section */

/* Begin PBXTargetDependency section */
		A08D1B271B6AF22F00250E14 /* PBXTargetDependency */ = {
			isa = PBXTargetDependency;
			target = A08D1B0B1B6AF22F00250E14 /* n-Discovery */;
			targetProxy = A08D1B261B6AF22F00250E14 /* PBXContainerItemProxy */;
		};
/* End PBXTargetDependency section */

/* Begin PBXVariantGroup section */
		A08D1B191B6AF22F00250E14 /* Main.storyboard */ = {
			isa = PBXVariantGroup;
			children = (
				A08D1B1A1B6AF22F00250E14 /* Base */,
			);
			name = Main.storyboard;
			sourceTree = "<group>";
		};
		A08D1B1E1B6AF22F00250E14 /* LaunchScreen.xib */ = {
			isa = PBXVariantGroup;
			children = (
				A08D1B1F1B6AF22F00250E14 /* Base */,
			);
			name = LaunchScreen.xib;
			sourceTree = "<group>";
		};
/* End PBXVariantGroup section */

/* Begin XCBuildConfiguration section */
		A08D1B2D1B6AF22F00250E14 /* Debug */ = {
			isa = XCBuildConfiguration;
			buildSettings = {
				ALWAYS_SEARCH_USER_PATHS = NO;
				CLANG_CXX_LANGUAGE_STANDARD = "gnu++0x";
				CLANG_CXX_LIBRARY = "libc++";
				CLANG_ENABLE_MODULES = YES;
				CLANG_ENABLE_OBJC_ARC = YES;
				CLANG_WARN_BOOL_CONVERSION = YES;
				CLANG_WARN_CONSTANT_CONVERSION = YES;
				CLANG_WARN_DIRECT_OBJC_ISA_USAGE = YES_ERROR;
				CLANG_WARN_EMPTY_BODY = YES;
				CLANG_WARN_ENUM_CONVERSION = YES;
				CLANG_WARN_INT_CONVERSION = YES;
				CLANG_WARN_OBJC_ROOT_CLASS = YES_ERROR;
				CLANG_WARN_UNREACHABLE_CODE = YES;
				CLANG_WARN__DUPLICATE_METHOD_MATCH = YES;
				"CODE_SIGN_IDENTITY[sdk=iphoneos*]" = "iPhone Developer";
				COPY_PHASE_STRIP = NO;
				DEBUG_INFORMATION_FORMAT = "dwarf-with-dsym";
				ENABLE_STRICT_OBJC_MSGSEND = YES;
				ENABLE_TESTABILITY = YES;
				GCC_C_LANGUAGE_STANDARD = gnu99;
				GCC_DYNAMIC_NO_PIC = NO;
				GCC_NO_COMMON_BLOCKS = YES;
				GCC_OPTIMIZATION_LEVEL = 0;
				GCC_PRECOMPILE_PREFIX_HEADER = NO;
				GCC_PREFIX_HEADER = "n-Discovery/n-Discovery-Prefix.pch";
				GCC_PREPROCESSOR_DEFINITIONS = (
					"DEBUG=1",
					"$(inherited)",
				);
				GCC_SYMBOLS_PRIVATE_EXTERN = NO;
				GCC_WARN_64_TO_32_BIT_CONVERSION = YES;
				GCC_WARN_ABOUT_RETURN_TYPE = YES_ERROR;
				GCC_WARN_UNDECLARED_SELECTOR = YES;
				GCC_WARN_UNINITIALIZED_AUTOS = YES_AGGRESSIVE;
				GCC_WARN_UNUSED_FUNCTION = YES;
				GCC_WARN_UNUSED_VARIABLE = YES;
				IPHONEOS_DEPLOYMENT_TARGET = 8.1;
				MTL_ENABLE_DEBUG_INFO = YES;
				ONLY_ACTIVE_ARCH = YES;
				SDKROOT = iphoneos;
			};
			name = Debug;
		};
		A08D1B2E1B6AF22F00250E14 /* Release */ = {
			isa = XCBuildConfiguration;
			buildSettings = {
				ALWAYS_SEARCH_USER_PATHS = NO;
				CLANG_CXX_LANGUAGE_STANDARD = "gnu++0x";
				CLANG_CXX_LIBRARY = "libc++";
				CLANG_ENABLE_MODULES = YES;
				CLANG_ENABLE_OBJC_ARC = YES;
				CLANG_WARN_BOOL_CONVERSION = YES;
				CLANG_WARN_CONSTANT_CONVERSION = YES;
				CLANG_WARN_DIRECT_OBJC_ISA_USAGE = YES_ERROR;
				CLANG_WARN_EMPTY_BODY = YES;
				CLANG_WARN_ENUM_CONVERSION = YES;
				CLANG_WARN_INT_CONVERSION = YES;
				CLANG_WARN_OBJC_ROOT_CLASS = YES_ERROR;
				CLANG_WARN_UNREACHABLE_CODE = YES;
				CLANG_WARN__DUPLICATE_METHOD_MATCH = YES;
				"CODE_SIGN_IDENTITY[sdk=iphoneos*]" = "iPhone Developer";
				COPY_PHASE_STRIP = NO;
				DEBUG_INFORMATION_FORMAT = "dwarf-with-dsym";
				ENABLE_NS_ASSERTIONS = NO;
				ENABLE_STRICT_OBJC_MSGSEND = YES;
				GCC_C_LANGUAGE_STANDARD = gnu99;
				GCC_NO_COMMON_BLOCKS = YES;
				GCC_PRECOMPILE_PREFIX_HEADER = NO;
				GCC_PREFIX_HEADER = "n-Discovery/n-Discovery-Prefix.pch";
				GCC_WARN_64_TO_32_BIT_CONVERSION = YES;
				GCC_WARN_ABOUT_RETURN_TYPE = YES_ERROR;
				GCC_WARN_UNDECLARED_SELECTOR = YES;
				GCC_WARN_UNINITIALIZED_AUTOS = YES_AGGRESSIVE;
				GCC_WARN_UNUSED_FUNCTION = YES;
				GCC_WARN_UNUSED_VARIABLE = YES;
				IPHONEOS_DEPLOYMENT_TARGET = 8.1;
				MTL_ENABLE_DEBUG_INFO = NO;
				ONLY_ACTIVE_ARCH = NO;
				SDKROOT = iphoneos;
				VALIDATE_PRODUCT = YES;
			};
			name = Release;
		};
		A08D1B301B6AF22F00250E14 /* Debug */ = {
			isa = XCBuildConfiguration;
			baseConfigurationReference = 3722C1D2D8998550890ADF8E /* Pods.debug.xcconfig */;
			buildSettings = {
				ASSETCATALOG_COMPILER_APPICON_NAME = AppIcon;
				ENABLE_BITCODE = NO;
				INFOPLIST_FILE = "n-Discovery/Info.plist";
				IPHONEOS_DEPLOYMENT_TARGET = 8.1;
				LD_RUNPATH_SEARCH_PATHS = "$(inherited) @executable_path/Frameworks";
				PRODUCT_BUNDLE_IDENTIFIER = "parkapps.kent.edu.$(PRODUCT_NAME:rfc1034identifier)";
				PRODUCT_NAME = "$(TARGET_NAME)";
			};
			name = Debug;
		};
		A08D1B311B6AF22F00250E14 /* Release */ = {
			isa = XCBuildConfiguration;
			baseConfigurationReference = E5E403A3994282993AF7E8CF /* Pods.release.xcconfig */;
			buildSettings = {
				ASSETCATALOG_COMPILER_APPICON_NAME = AppIcon;
				ENABLE_BITCODE = NO;
				INFOPLIST_FILE = "n-Discovery/Info.plist";
				IPHONEOS_DEPLOYMENT_TARGET = 8.1;
				LD_RUNPATH_SEARCH_PATHS = "$(inherited) @executable_path/Frameworks";
				PRODUCT_BUNDLE_IDENTIFIER = "parkapps.kent.edu.$(PRODUCT_NAME:rfc1034identifier)";
				PRODUCT_NAME = "$(TARGET_NAME)";
			};
			name = Release;
		};
		A08D1B331B6AF22F00250E14 /* Debug */ = {
			isa = XCBuildConfiguration;
			buildSettings = {
				BUNDLE_LOADER = "$(TEST_HOST)";
				FRAMEWORK_SEARCH_PATHS = (
					"$(SDKROOT)/Developer/Library/Frameworks",
					"$(inherited)",
					"$(PROJECT_DIR)/build/Debug-iphoneos",
				);
				GCC_PREPROCESSOR_DEFINITIONS = (
					"DEBUG=1",
					"$(inherited)",
				);
				INFOPLIST_FILE = "n-DiscoveryTests/Info.plist";
				LD_RUNPATH_SEARCH_PATHS = "$(inherited) @executable_path/Frameworks @loader_path/Frameworks";
				PRODUCT_BUNDLE_IDENTIFIER = "parkapps.kent.edu.$(PRODUCT_NAME:rfc1034identifier)";
				PRODUCT_NAME = "$(TARGET_NAME)";
				TEST_HOST = "$(BUILT_PRODUCTS_DIR)/n-Discovery.app/n-Discovery";
			};
			name = Debug;
		};
		A08D1B341B6AF22F00250E14 /* Release */ = {
			isa = XCBuildConfiguration;
			buildSettings = {
				BUNDLE_LOADER = "$(TEST_HOST)";
				FRAMEWORK_SEARCH_PATHS = (
					"$(SDKROOT)/Developer/Library/Frameworks",
					"$(inherited)",
					"$(PROJECT_DIR)/build/Debug-iphoneos",
				);
				INFOPLIST_FILE = "n-DiscoveryTests/Info.plist";
				LD_RUNPATH_SEARCH_PATHS = "$(inherited) @executable_path/Frameworks @loader_path/Frameworks";
				PRODUCT_BUNDLE_IDENTIFIER = "parkapps.kent.edu.$(PRODUCT_NAME:rfc1034identifier)";
				PRODUCT_NAME = "$(TARGET_NAME)";
				TEST_HOST = "$(BUILT_PRODUCTS_DIR)/n-Discovery.app/n-Discovery";
			};
			name = Release;
		};
/* End XCBuildConfiguration section */

/* Begin XCConfigurationList section */
		A08D1B071B6AF22F00250E14 /* Build configuration list for PBXProject "n-Discovery" */ = {
			isa = XCConfigurationList;
			buildConfigurations = (
				A08D1B2D1B6AF22F00250E14 /* Debug */,
				A08D1B2E1B6AF22F00250E14 /* Release */,
			);
			defaultConfigurationIsVisible = 0;
			defaultConfigurationName = Release;
		};
		A08D1B2F1B6AF22F00250E14 /* Build configuration list for PBXNativeTarget "n-Discovery" */ = {
			isa = XCConfigurationList;
			buildConfigurations = (
				A08D1B301B6AF22F00250E14 /* Debug */,
				A08D1B311B6AF22F00250E14 /* Release */,
			);
			defaultConfigurationIsVisible = 0;
			defaultConfigurationName = Release;
		};
		A08D1B321B6AF22F00250E14 /* Build configuration list for PBXNativeTarget "n-DiscoveryTests" */ = {
			isa = XCConfigurationList;
			buildConfigurations = (
				A08D1B331B6AF22F00250E14 /* Debug */,
				A08D1B341B6AF22F00250E14 /* Release */,
			);
			defaultConfigurationIsVisible = 0;
			defaultConfigurationName = Release;
		};
/* End XCConfigurationList section */
	};
	rootObject = A08D1B041B6AF22F00250E14 /* Project object */;
}
